// !$*UTF8*$!
{
	archiveVersion = 1;
	classes = {
	};
	objectVersion = 56;
	objects = {

/* Begin PBXBuildFile section */
		813E96842A4E644B0058AA77 /* GroceryItem.swift in Sources */ = {isa = PBXBuildFile; fileRef = 813E96832A4E644B0058AA77 /* GroceryItem.swift */; };
		816477512A4B37E2007F3974 /* Contact.swift in Sources */ = {isa = PBXBuildFile; fileRef = 816477502A4B37E2007F3974 /* Contact.swift */; };
		816477562A4B4092007F3974 /* server.proto in Sources */ = {isa = PBXBuildFile; fileRef = 816477552A4B4092007F3974 /* server.proto */; };
		816477592A4B4154007F3974 /* server.pb.swift in Sources */ = {isa = PBXBuildFile; fileRef = 816477572A4B4154007F3974 /* server.pb.swift */; };
		8164775A2A4B4154007F3974 /* server.grpc.swift in Sources */ = {isa = PBXBuildFile; fileRef = 816477582A4B4154007F3974 /* server.grpc.swift */; };
		816477602A4B4634007F3974 /* SwiftProtobuf in Frameworks */ = {isa = PBXBuildFile; productRef = 8164775F2A4B4634007F3974 /* SwiftProtobuf */; };
		816477622A4B4634007F3974 /* SwiftProtobufPluginLibrary in Frameworks */ = {isa = PBXBuildFile; productRef = 816477612A4B4634007F3974 /* SwiftProtobufPluginLibrary */; };
		816477642A4B4634007F3974 /* protoc-gen-swift in Frameworks */ = {isa = PBXBuildFile; productRef = 816477632A4B4634007F3974 /* protoc-gen-swift */; };
		816477672A4B4704007F3974 /* CGRPCZlib in Frameworks */ = {isa = PBXBuildFile; productRef = 816477662A4B4704007F3974 /* CGRPCZlib */; };
		816477692A4B4704007F3974 /* GRPC in Frameworks */ = {isa = PBXBuildFile; productRef = 816477682A4B4704007F3974 /* GRPC */; };
		8164776B2A4B4704007F3974 /* protoc-gen-grpc-swift in Frameworks */ = {isa = PBXBuildFile; productRef = 8164776A2A4B4704007F3974 /* protoc-gen-grpc-swift */; };
		8164776D2A4B4FA7007F3974 /* GRPCManager.swift in Sources */ = {isa = PBXBuildFile; fileRef = 8164776C2A4B4FA7007F3974 /* GRPCManager.swift */; };
		8164776F2A4B56E2007F3974 /* EditContactView.swift in Sources */ = {isa = PBXBuildFile; fileRef = 8164776E2A4B56E2007F3974 /* EditContactView.swift */; };
		816477712A4B73F9007F3974 /* ContactListViewModel.swift in Sources */ = {isa = PBXBuildFile; fileRef = 816477702A4B73F9007F3974 /* ContactListViewModel.swift */; };
		816477752A4C786D007F3974 /* String+IsValidPhoneNumber.swift in Sources */ = {isa = PBXBuildFile; fileRef = 816477742A4C786D007F3974 /* String+IsValidPhoneNumber.swift */; };
		816477772A4C7877007F3974 /* String+IsValidEmail.swift in Sources */ = {isa = PBXBuildFile; fileRef = 816477762A4C7877007F3974 /* String+IsValidEmail.swift */; };
		81BB69EE2A49DE6200054DCF /* PhoneBookApp.swift in Sources */ = {isa = PBXBuildFile; fileRef = 81BB69ED2A49DE6200054DCF /* PhoneBookApp.swift */; };
		81BB69F22A49DE6400054DCF /* Assets.xcassets in Resources */ = {isa = PBXBuildFile; fileRef = 81BB69F12A49DE6400054DCF /* Assets.xcassets */; };
		81BB69F52A49DE6400054DCF /* Preview Assets.xcassets in Resources */ = {isa = PBXBuildFile; fileRef = 81BB69F42A49DE6400054DCF /* Preview Assets.xcassets */; };
		81BB6A012A49E02800054DCF /* ContactListView.swift in Sources */ = {isa = PBXBuildFile; fileRef = 81BB6A002A49E02800054DCF /* ContactListView.swift */; };
		81BB6A042A49E04600054DCF /* AddContactView.swift in Sources */ = {isa = PBXBuildFile; fileRef = 81BB6A032A49E04600054DCF /* AddContactView.swift */; };
		81ED28DB2A4E3D5A00DF316C /* GroceryListView.swift in Sources */ = {isa = PBXBuildFile; fileRef = 81ED28DA2A4E3D5A00DF316C /* GroceryListView.swift */; };
/* End PBXBuildFile section */

/* Begin PBXFileReference section */
		813E96832A4E644B0058AA77 /* GroceryItem.swift */ = {isa = PBXFileReference; lastKnownFileType = sourcecode.swift; path = GroceryItem.swift; sourceTree = "<group>"; };
		816477502A4B37E2007F3974 /* Contact.swift */ = {isa = PBXFileReference; lastKnownFileType = sourcecode.swift; path = Contact.swift; sourceTree = "<group>"; };
		816477552A4B4092007F3974 /* server.proto */ = {isa = PBXFileReference; lastKnownFileType = sourcecode.protobuf; path = server.proto; sourceTree = "<group>"; };
		816477572A4B4154007F3974 /* server.pb.swift */ = {isa = PBXFileReference; fileEncoding = 4; lastKnownFileType = sourcecode.swift; path = server.pb.swift; sourceTree = "<group>"; };
		816477582A4B4154007F3974 /* server.grpc.swift */ = {isa = PBXFileReference; fileEncoding = 4; lastKnownFileType = sourcecode.swift; path = server.grpc.swift; sourceTree = "<group>"; };
		8164776C2A4B4FA7007F3974 /* GRPCManager.swift */ = {isa = PBXFileReference; lastKnownFileType = sourcecode.swift; path = GRPCManager.swift; sourceTree = "<group>"; };
		8164776E2A4B56E2007F3974 /* EditContactView.swift */ = {isa = PBXFileReference; lastKnownFileType = sourcecode.swift; path = EditContactView.swift; sourceTree = "<group>"; };
		816477702A4B73F9007F3974 /* ContactListViewModel.swift */ = {isa = PBXFileReference; lastKnownFileType = sourcecode.swift; path = ContactListViewModel.swift; sourceTree = "<group>"; };
		816477742A4C786D007F3974 /* String+IsValidPhoneNumber.swift */ = {isa = PBXFileReference; lastKnownFileType = sourcecode.swift; path = "String+IsValidPhoneNumber.swift"; sourceTree = "<group>"; };
		816477762A4C7877007F3974 /* String+IsValidEmail.swift */ = {isa = PBXFileReference; lastKnownFileType = sourcecode.swift; path = "String+IsValidEmail.swift"; sourceTree = "<group>"; };
		81BB69EA2A49DE6200054DCF /* PhoneBook.app */ = {isa = PBXFileReference; explicitFileType = wrapper.application; includeInIndex = 0; path = PhoneBook.app; sourceTree = BUILT_PRODUCTS_DIR; };
		81BB69ED2A49DE6200054DCF /* PhoneBookApp.swift */ = {isa = PBXFileReference; lastKnownFileType = sourcecode.swift; path = PhoneBookApp.swift; sourceTree = "<group>"; };
		81BB69F12A49DE6400054DCF /* Assets.xcassets */ = {isa = PBXFileReference; lastKnownFileType = folder.assetcatalog; path = Assets.xcassets; sourceTree = "<group>"; };
		81BB69F42A49DE6400054DCF /* Preview Assets.xcassets */ = {isa = PBXFileReference; lastKnownFileType = folder.assetcatalog; path = "Preview Assets.xcassets"; sourceTree = "<group>"; };
		81BB6A002A49E02800054DCF /* ContactListView.swift */ = {isa = PBXFileReference; lastKnownFileType = sourcecode.swift; path = ContactListView.swift; sourceTree = "<group>"; };
		81BB6A032A49E04600054DCF /* AddContactView.swift */ = {isa = PBXFileReference; lastKnownFileType = sourcecode.swift; path = AddContactView.swift; sourceTree = "<group>"; };
		81ED28DA2A4E3D5A00DF316C /* GroceryListView.swift */ = {isa = PBXFileReference; lastKnownFileType = sourcecode.swift; path = GroceryListView.swift; sourceTree = "<group>"; };
/* End PBXFileReference section */

/* Begin PBXFrameworksBuildPhase section */
		81BB69E72A49DE6200054DCF /* Frameworks */ = {
			isa = PBXFrameworksBuildPhase;
			buildActionMask = 2147483647;
			files = (
				816477622A4B4634007F3974 /* SwiftProtobufPluginLibrary in Frameworks */,
				816477692A4B4704007F3974 /* GRPC in Frameworks */,
				8164776B2A4B4704007F3974 /* protoc-gen-grpc-swift in Frameworks */,
				816477672A4B4704007F3974 /* CGRPCZlib in Frameworks */,
				816477602A4B4634007F3974 /* SwiftProtobuf in Frameworks */,
				816477642A4B4634007F3974 /* protoc-gen-swift in Frameworks */,
			);
			runOnlyForDeploymentPostprocessing = 0;
		};
/* End PBXFrameworksBuildPhase section */

/* Begin PBXGroup section */
		8164774F2A4B37D8007F3974 /* Models */ = {
			isa = PBXGroup;
			children = (
				816477502A4B37E2007F3974 /* Contact.swift */,
				813E96832A4E644B0058AA77 /* GroceryItem.swift */,
			);
			path = Models;
			sourceTree = "<group>";
		};
		816477542A4B4069007F3974 /* ProtocolBuffers */ = {
			isa = PBXGroup;
			children = (
				816477552A4B4092007F3974 /* server.proto */,
				816477582A4B4154007F3974 /* server.grpc.swift */,
				816477572A4B4154007F3974 /* server.pb.swift */,
			);
			path = ProtocolBuffers;
			sourceTree = "<group>";
		};
		8164775B2A4B444A007F3974 /* API */ = {
			isa = PBXGroup;
			children = (
				8164776C2A4B4FA7007F3974 /* GRPCManager.swift */,
			);
			path = API;
			sourceTree = "<group>";
		};
		816477722A4B7415007F3974 /* ViewModels */ = {
			isa = PBXGroup;
			children = (
				816477702A4B73F9007F3974 /* ContactListViewModel.swift */,
			);
			path = ViewModels;
			sourceTree = "<group>";
		};
		816477732A4C7849007F3974 /* Utilities */ = {
			isa = PBXGroup;
			children = (
				816477742A4C786D007F3974 /* String+IsValidPhoneNumber.swift */,
				816477762A4C7877007F3974 /* String+IsValidEmail.swift */,
			);
			path = Utilities;
			sourceTree = "<group>";
		};
		81BB69E12A49DE6200054DCF = {
			isa = PBXGroup;
			children = (
				81BB69EC2A49DE6200054DCF /* PhoneBook */,
				81BB69EB2A49DE6200054DCF /* Products */,
			);
			sourceTree = "<group>";
		};
		81BB69EB2A49DE6200054DCF /* Products */ = {
			isa = PBXGroup;
			children = (
				81BB69EA2A49DE6200054DCF /* PhoneBook.app */,
			);
			name = Products;
			sourceTree = "<group>";
		};
		81BB69EC2A49DE6200054DCF /* PhoneBook */ = {
			isa = PBXGroup;
			children = (
				8164775B2A4B444A007F3974 /* API */,
				816477732A4C7849007F3974 /* Utilities */,
				816477542A4B4069007F3974 /* ProtocolBuffers */,
				8164774F2A4B37D8007F3974 /* Models */,
				81BB6A022A49E03100054DCF /* Views */,
				81BB69ED2A49DE6200054DCF /* PhoneBookApp.swift */,
				81BB69F12A49DE6400054DCF /* Assets.xcassets */,
				81BB69F32A49DE6400054DCF /* Preview Content */,
			);
			path = PhoneBook;
			sourceTree = "<group>";
		};
		81BB69F32A49DE6400054DCF /* Preview Content */ = {
			isa = PBXGroup;
			children = (
				81BB69F42A49DE6400054DCF /* Preview Assets.xcassets */,
			);
			path = "Preview Content";
			sourceTree = "<group>";
		};
		81BB6A022A49E03100054DCF /* Views */ = {
			isa = PBXGroup;
			children = (
				816477722A4B7415007F3974 /* ViewModels */,
				81BB6A002A49E02800054DCF /* ContactListView.swift */,
				81BB6A032A49E04600054DCF /* AddContactView.swift */,
				8164776E2A4B56E2007F3974 /* EditContactView.swift */,
				81ED28DA2A4E3D5A00DF316C /* GroceryListView.swift */,
			);
			path = Views;
			sourceTree = "<group>";
		};
/* End PBXGroup section */

/* Begin PBXNativeTarget section */
		81BB69E92A49DE6200054DCF /* PhoneBook */ = {
			isa = PBXNativeTarget;
			buildConfigurationList = 81BB69FD2A49DE6400054DCF /* Build configuration list for PBXNativeTarget "PhoneBook" */;
			buildPhases = (
				81BB69E62A49DE6200054DCF /* Sources */,
				81BB69E72A49DE6200054DCF /* Frameworks */,
				81BB69E82A49DE6200054DCF /* Resources */,
			);
			buildRules = (
			);
			dependencies = (
			);
			name = PhoneBook;
			packageProductDependencies = (
				8164775F2A4B4634007F3974 /* SwiftProtobuf */,
				816477612A4B4634007F3974 /* SwiftProtobufPluginLibrary */,
				816477632A4B4634007F3974 /* protoc-gen-swift */,
				816477662A4B4704007F3974 /* CGRPCZlib */,
				816477682A4B4704007F3974 /* GRPC */,
				8164776A2A4B4704007F3974 /* protoc-gen-grpc-swift */,
			);
			productName = PhoneBook;
			productReference = 81BB69EA2A49DE6200054DCF /* PhoneBook.app */;
			productType = "com.apple.product-type.application";
		};
/* End PBXNativeTarget section */

/* Begin PBXProject section */
		81BB69E22A49DE6200054DCF /* Project object */ = {
			isa = PBXProject;
			attributes = {
				BuildIndependentTargetsInParallel = 1;
				LastSwiftUpdateCheck = 1430;
				LastUpgradeCheck = 1430;
				TargetAttributes = {
					81BB69E92A49DE6200054DCF = {
						CreatedOnToolsVersion = 14.3;
					};
				};
			};
			buildConfigurationList = 81BB69E52A49DE6200054DCF /* Build configuration list for PBXProject "PhoneBook" */;
			compatibilityVersion = "Xcode 14.0";
			developmentRegion = en;
			hasScannedForEncodings = 0;
			knownRegions = (
				en,
				Base,
			);
			mainGroup = 81BB69E12A49DE6200054DCF;
			packageReferences = (
				8164775E2A4B4634007F3974 /* XCRemoteSwiftPackageReference "swift-protobuf" */,
				816477652A4B4704007F3974 /* XCRemoteSwiftPackageReference "grpc-swift" */,
			);
			productRefGroup = 81BB69EB2A49DE6200054DCF /* Products */;
			projectDirPath = "";
			projectRoot = "";
			targets = (
				81BB69E92A49DE6200054DCF /* PhoneBook */,
			);
		};
/* End PBXProject section */

/* Begin PBXResourcesBuildPhase section */
		81BB69E82A49DE6200054DCF /* Resources */ = {
			isa = PBXResourcesBuildPhase;
			buildActionMask = 2147483647;
			files = (
				81BB69F52A49DE6400054DCF /* Preview Assets.xcassets in Resources */,
				81BB69F22A49DE6400054DCF /* Assets.xcassets in Resources */,
			);
			runOnlyForDeploymentPostprocessing = 0;
		};
/* End PBXResourcesBuildPhase section */

/* Begin PBXSourcesBuildPhase section */
		81BB69E62A49DE6200054DCF /* Sources */ = {
			isa = PBXSourcesBuildPhase;
			buildActionMask = 2147483647;
			files = (
				81BB6A012A49E02800054DCF /* ContactListView.swift in Sources */,
				8164775A2A4B4154007F3974 /* server.grpc.swift in Sources */,
				81BB6A042A49E04600054DCF /* AddContactView.swift in Sources */,
				81BB69EE2A49DE6200054DCF /* PhoneBookApp.swift in Sources */,
				816477562A4B4092007F3974 /* server.proto in Sources */,
				8164776D2A4B4FA7007F3974 /* GRPCManager.swift in Sources */,
				813E96842A4E644B0058AA77 /* GroceryItem.swift in Sources */,
				816477712A4B73F9007F3974 /* ContactListViewModel.swift in Sources */,
				816477752A4C786D007F3974 /* String+IsValidPhoneNumber.swift in Sources */,
				816477772A4C7877007F3974 /* String+IsValidEmail.swift in Sources */,
				8164776F2A4B56E2007F3974 /* EditContactView.swift in Sources */,
				81ED28DB2A4E3D5A00DF316C /* GroceryListView.swift in Sources */,
				816477592A4B4154007F3974 /* server.pb.swift in Sources */,
				816477512A4B37E2007F3974 /* Contact.swift in Sources */,
			);
			runOnlyForDeploymentPostprocessing = 0;
		};
/* End PBXSourcesBuildPhase section */

/* Begin XCBuildConfiguration section */
		81BB69FB2A49DE6400054DCF /* Debug */ = {
			isa = XCBuildConfiguration;
			buildSettings = {
				ALWAYS_SEARCH_USER_PATHS = NO;
				CLANG_ANALYZER_NONNULL = YES;
				CLANG_ANALYZER_NUMBER_OBJECT_CONVERSION = YES_AGGRESSIVE;
				CLANG_CXX_LANGUAGE_STANDARD = "gnu++20";
				CLANG_ENABLE_MODULES = YES;
				CLANG_ENABLE_OBJC_ARC = YES;
				CLANG_ENABLE_OBJC_WEAK = YES;
				CLANG_WARN_BLOCK_CAPTURE_AUTORELEASING = YES;
				CLANG_WARN_BOOL_CONVERSION = YES;
				CLANG_WARN_COMMA = YES;
				CLANG_WARN_CONSTANT_CONVERSION = YES;
				CLANG_WARN_DEPRECATED_OBJC_IMPLEMENTATIONS = YES;
				CLANG_WARN_DIRECT_OBJC_ISA_USAGE = YES_ERROR;
				CLANG_WARN_DOCUMENTATION_COMMENTS = YES;
				CLANG_WARN_EMPTY_BODY = YES;
				CLANG_WARN_ENUM_CONVERSION = YES;
				CLANG_WARN_INFINITE_RECURSION = YES;
				CLANG_WARN_INT_CONVERSION = YES;
				CLANG_WARN_NON_LITERAL_NULL_CONVERSION = YES;
				CLANG_WARN_OBJC_IMPLICIT_RETAIN_SELF = YES;
				CLANG_WARN_OBJC_LITERAL_CONVERSION = YES;
				CLANG_WARN_OBJC_ROOT_CLASS = YES_ERROR;
				CLANG_WARN_QUOTED_INCLUDE_IN_FRAMEWORK_HEADER = YES;
				CLANG_WARN_RANGE_LOOP_ANALYSIS = YES;
				CLANG_WARN_STRICT_PROTOTYPES = YES;
				CLANG_WARN_SUSPICIOUS_MOVE = YES;
				CLANG_WARN_UNGUARDED_AVAILABILITY = YES_AGGRESSIVE;
				CLANG_WARN_UNREACHABLE_CODE = YES;
				CLANG_WARN__DUPLICATE_METHOD_MATCH = YES;
				COPY_PHASE_STRIP = NO;
				DEBUG_INFORMATION_FORMAT = dwarf;
				ENABLE_STRICT_OBJC_MSGSEND = YES;
				ENABLE_TESTABILITY = YES;
				GCC_C_LANGUAGE_STANDARD = gnu11;
				GCC_DYNAMIC_NO_PIC = NO;
				GCC_NO_COMMON_BLOCKS = YES;
				GCC_OPTIMIZATION_LEVEL = 0;
				GCC_PREPROCESSOR_DEFINITIONS = (
					"DEBUG=1",
					"$(inherited)",
				);
				GCC_WARN_64_TO_32_BIT_CONVERSION = YES;
				GCC_WARN_ABOUT_RETURN_TYPE = YES_ERROR;
				GCC_WARN_UNDECLARED_SELECTOR = YES;
				GCC_WARN_UNINITIALIZED_AUTOS = YES_AGGRESSIVE;
				GCC_WARN_UNUSED_FUNCTION = YES;
				GCC_WARN_UNUSED_VARIABLE = YES;
				IPHONEOS_DEPLOYMENT_TARGET = 16.4;
				MTL_ENABLE_DEBUG_INFO = INCLUDE_SOURCE;
				MTL_FAST_MATH = YES;
				ONLY_ACTIVE_ARCH = YES;
				SDKROOT = iphoneos;
				SWIFT_ACTIVE_COMPILATION_CONDITIONS = DEBUG;
				SWIFT_OPTIMIZATION_LEVEL = "-Onone";
			};
			name = Debug;
		};
		81BB69FC2A49DE6400054DCF /* Release */ = {
			isa = XCBuildConfiguration;
			buildSettings = {
				ALWAYS_SEARCH_USER_PATHS = NO;
				CLANG_ANALYZER_NONNULL = YES;
				CLANG_ANALYZER_NUMBER_OBJECT_CONVERSION = YES_AGGRESSIVE;
				CLANG_CXX_LANGUAGE_STANDARD = "gnu++20";
				CLANG_ENABLE_MODULES = YES;
				CLANG_ENABLE_OBJC_ARC = YES;
				CLANG_ENABLE_OBJC_WEAK = YES;
				CLANG_WARN_BLOCK_CAPTURE_AUTORELEASING = YES;
				CLANG_WARN_BOOL_CONVERSION = YES;
				CLANG_WARN_COMMA = YES;
				CLANG_WARN_CONSTANT_CONVERSION = YES;
				CLANG_WARN_DEPRECATED_OBJC_IMPLEMENTATIONS = YES;
				CLANG_WARN_DIRECT_OBJC_ISA_USAGE = YES_ERROR;
				CLANG_WARN_DOCUMENTATION_COMMENTS = YES;
				CLANG_WARN_EMPTY_BODY = YES;
				CLANG_WARN_ENUM_CONVERSION = YES;
				CLANG_WARN_INFINITE_RECURSION = YES;
				CLANG_WARN_INT_CONVERSION = YES;
				CLANG_WARN_NON_LITERAL_NULL_CONVERSION = YES;
				CLANG_WARN_OBJC_IMPLICIT_RETAIN_SELF = YES;
				CLANG_WARN_OBJC_LITERAL_CONVERSION = YES;
				CLANG_WARN_OBJC_ROOT_CLASS = YES_ERROR;
				CLANG_WARN_QUOTED_INCLUDE_IN_FRAMEWORK_HEADER = YES;
				CLANG_WARN_RANGE_LOOP_ANALYSIS = YES;
				CLANG_WARN_STRICT_PROTOTYPES = YES;
				CLANG_WARN_SUSPICIOUS_MOVE = YES;
				CLANG_WARN_UNGUARDED_AVAILABILITY = YES_AGGRESSIVE;
				CLANG_WARN_UNREACHABLE_CODE = YES;
				CLANG_WARN__DUPLICATE_METHOD_MATCH = YES;
				COPY_PHASE_STRIP = NO;
				DEBUG_INFORMATION_FORMAT = "dwarf-with-dsym";
				ENABLE_NS_ASSERTIONS = NO;
				ENABLE_STRICT_OBJC_MSGSEND = YES;
				GCC_C_LANGUAGE_STANDARD = gnu11;
				GCC_NO_COMMON_BLOCKS = YES;
				GCC_WARN_64_TO_32_BIT_CONVERSION = YES;
				GCC_WARN_ABOUT_RETURN_TYPE = YES_ERROR;
				GCC_WARN_UNDECLARED_SELECTOR = YES;
				GCC_WARN_UNINITIALIZED_AUTOS = YES_AGGRESSIVE;
				GCC_WARN_UNUSED_FUNCTION = YES;
				GCC_WARN_UNUSED_VARIABLE = YES;
				IPHONEOS_DEPLOYMENT_TARGET = 16.4;
				MTL_ENABLE_DEBUG_INFO = NO;
				MTL_FAST_MATH = YES;
				SDKROOT = iphoneos;
				SWIFT_COMPILATION_MODE = wholemodule;
				SWIFT_OPTIMIZATION_LEVEL = "-O";
				VALIDATE_PRODUCT = YES;
			};
			name = Release;
		};
		81BB69FE2A49DE6400054DCF /* Debug */ = {
			isa = XCBuildConfiguration;
			buildSettings = {
				ASSETCATALOG_COMPILER_APPICON_NAME = AppIcon;
				ASSETCATALOG_COMPILER_GLOBAL_ACCENT_COLOR_NAME = AccentColor;
				CODE_SIGN_STYLE = Automatic;
				CURRENT_PROJECT_VERSION = 1;
				DEVELOPMENT_ASSET_PATHS = "\"PhoneBook/Preview Content\"";
				DEVELOPMENT_TEAM = 7MT5FHK53C;
				ENABLE_PREVIEWS = YES;
				GENERATE_INFOPLIST_FILE = YES;
				INFOPLIST_KEY_UIApplicationSceneManifest_Generation = YES;
				INFOPLIST_KEY_UIApplicationSupportsIndirectInputEvents = YES;
				INFOPLIST_KEY_UILaunchScreen_Generation = YES;
				INFOPLIST_KEY_UISupportedInterfaceOrientations_iPad = "UIInterfaceOrientationPortrait UIInterfaceOrientationPortraitUpsideDown UIInterfaceOrientationLandscapeLeft UIInterfaceOrientationLandscapeRight";
				INFOPLIST_KEY_UISupportedInterfaceOrientations_iPhone = "UIInterfaceOrientationPortrait UIInterfaceOrientationLandscapeLeft UIInterfaceOrientationLandscapeRight";
				LD_RUNPATH_SEARCH_PATHS = (
					"$(inherited)",
					"@executable_path/Frameworks",
				);
				MARKETING_VERSION = 1.0;
				PRODUCT_BUNDLE_IDENTIFIER = com.nuance.PhoneBook;
				PRODUCT_NAME = "$(TARGET_NAME)";
				SWIFT_EMIT_LOC_STRINGS = YES;
				SWIFT_VERSION = 5.0;
				TARGETED_DEVICE_FAMILY = "1,2";
			};
			name = Debug;
		};
		81BB69FF2A49DE6400054DCF /* Release */ = {
			isa = XCBuildConfiguration;
			buildSettings = {
				ASSETCATALOG_COMPILER_APPICON_NAME = AppIcon;
				ASSETCATALOG_COMPILER_GLOBAL_ACCENT_COLOR_NAME = AccentColor;
				CODE_SIGN_STYLE = Automatic;
				CURRENT_PROJECT_VERSION = 1;
				DEVELOPMENT_ASSET_PATHS = "\"PhoneBook/Preview Content\"";
				DEVELOPMENT_TEAM = 7MT5FHK53C;
				ENABLE_PREVIEWS = YES;
				GENERATE_INFOPLIST_FILE = YES;
				INFOPLIST_KEY_UIApplicationSceneManifest_Generation = YES;
				INFOPLIST_KEY_UIApplicationSupportsIndirectInputEvents = YES;
				INFOPLIST_KEY_UILaunchScreen_Generation = YES;
				INFOPLIST_KEY_UISupportedInterfaceOrientations_iPad = "UIInterfaceOrientationPortrait UIInterfaceOrientationPortraitUpsideDown UIInterfaceOrientationLandscapeLeft UIInterfaceOrientationLandscapeRight";
				INFOPLIST_KEY_UISupportedInterfaceOrientations_iPhone = "UIInterfaceOrientationPortrait UIInterfaceOrientationLandscapeLeft UIInterfaceOrientationLandscapeRight";
				LD_RUNPATH_SEARCH_PATHS = (
					"$(inherited)",
					"@executable_path/Frameworks",
				);
				MARKETING_VERSION = 1.0;
				PRODUCT_BUNDLE_IDENTIFIER = com.nuance.PhoneBook;
				PRODUCT_NAME = "$(TARGET_NAME)";
				SWIFT_EMIT_LOC_STRINGS = YES;
				SWIFT_VERSION = 5.0;
				TARGETED_DEVICE_FAMILY = "1,2";
			};
			name = Release;
		};
/* End XCBuildConfiguration section */

/* Begin XCConfigurationList section */
		81BB69E52A49DE6200054DCF /* Build configuration list for PBXProject "PhoneBook" */ = {
			isa = XCConfigurationList;
			buildConfigurations = (
				81BB69FB2A49DE6400054DCF /* Debug */,
				81BB69FC2A49DE6400054DCF /* Release */,
			);
			defaultConfigurationIsVisible = 0;
			defaultConfigurationName = Release;
		};
		81BB69FD2A49DE6400054DCF /* Build configuration list for PBXNativeTarget "PhoneBook" */ = {
			isa = XCConfigurationList;
			buildConfigurations = (
				81BB69FE2A49DE6400054DCF /* Debug */,
				81BB69FF2A49DE6400054DCF /* Release */,
			);
			defaultConfigurationIsVisible = 0;
			defaultConfigurationName = Release;
		};
/* End XCConfigurationList section */

/* Begin XCRemoteSwiftPackageReference section */
		8164775E2A4B4634007F3974 /* XCRemoteSwiftPackageReference "swift-protobuf" */ = {
			isa = XCRemoteSwiftPackageReference;
			repositoryURL = "https://github.com/apple/swift-protobuf.git";
			requirement = {
				kind = upToNextMajorVersion;
				minimumVersion = 1.0.0;
			};
		};
		816477652A4B4704007F3974 /* XCRemoteSwiftPackageReference "grpc-swift" */ = {
			isa = XCRemoteSwiftPackageReference;
			repositoryURL = "https://github.com/grpc/grpc-swift";
			requirement = {
				kind = upToNextMajorVersion;
				minimumVersion = 1.0.0;
			};
		};
/* End XCRemoteSwiftPackageReference section */

/* Begin XCSwiftPackageProductDependency section */
		8164775F2A4B4634007F3974 /* SwiftProtobuf */ = {
			isa = XCSwiftPackageProductDependency;
			package = 8164775E2A4B4634007F3974 /* XCRemoteSwiftPackageReference "swift-protobuf" */;
			productName = SwiftProtobuf;
		};
		816477612A4B4634007F3974 /* SwiftProtobufPluginLibrary */ = {
			isa = XCSwiftPackageProductDependency;
			package = 8164775E2A4B4634007F3974 /* XCRemoteSwiftPackageReference "swift-protobuf" */;
			productName = SwiftProtobufPluginLibrary;
		};
		816477632A4B4634007F3974 /* protoc-gen-swift */ = {
			isa = XCSwiftPackageProductDependency;
			package = 8164775E2A4B4634007F3974 /* XCRemoteSwiftPackageReference "swift-protobuf" */;
			productName = "protoc-gen-swift";
		};
		816477662A4B4704007F3974 /* CGRPCZlib */ = {
			isa = XCSwiftPackageProductDependency;
			package = 816477652A4B4704007F3974 /* XCRemoteSwiftPackageReference "grpc-swift" */;
			productName = CGRPCZlib;
		};
		816477682A4B4704007F3974 /* GRPC */ = {
			isa = XCSwiftPackageProductDependency;
			package = 816477652A4B4704007F3974 /* XCRemoteSwiftPackageReference "grpc-swift" */;
			productName = GRPC;
		};
		8164776A2A4B4704007F3974 /* protoc-gen-grpc-swift */ = {
			isa = XCSwiftPackageProductDependency;
			package = 816477652A4B4704007F3974 /* XCRemoteSwiftPackageReference "grpc-swift" */;
			productName = "protoc-gen-grpc-swift";
		};
/* End XCSwiftPackageProductDependency section */
	};
	rootObject = 81BB69E22A49DE6200054DCF /* Project object */;
}
